cloud.google.com/go v0.25.0 h1:6vD6xZTc8Jo6To8gHxFDRVsMvWFDgY3rugNszcDalN8=
cloud.google.com/go v0.25.0/go.mod h1:aQUYkXzVsufM+DwF1aE+0xfcU+56JwCaLick0ClmMTw=
github.com/fishy/errbatch v0.0.0-20180528213649-54f5e12eed54 h1:CuowD13UFkVyT8qQ7WSANugSAuu9b2TEdiTcvhV8poc=
github.com/fishy/errbatch v0.0.0-20180528213649-54f5e12eed54/go.mod h1:jT6yKE1tSjlA9VLZNiZ630ul9Z3ZuUzXEAIJiNlQqjY=
github.com/fishy/fsdb v0.0.0-20180721052438-d39c91da5bb0 h1:QGtMjxAinVUxtv5mUNTonppvRIRyN/ToZSvEEu7nEWw=
github.com/fishy/fsdb v0.0.0-20180721052438-d39c91da5bb0/go.mod h1:L4MB2Uru5jio0NhGFsewonOohnsBNDKc3NiFfwt8qEQ=
github.com/fishy/rowlock v0.0.0-20180528220015-119f0ff86f20 h1:34CinU/+D50lB+fgFoQgeZeO0+603NdZ48o3jwPJY3w=
github.com/fishy/rowlock v0.0.0-20180528220015-119f0ff86f20/go.mod h1:LvlszqohGzHS3HOL120Q0U9ZVl76bIIQBLcEN8YpKjE=
github.com/fishy/wrapreader v0.0.0-20180721052159-5c4d6e166aea h1:VO89vCE6XNUCQNQ6soOYEBmaoT1qTRtrYVjWlJ6uX1k=
github.com/fishy/wrapreader v0.0.0-20180721052159-5c4d6e166aea/go.mod h1:p2l1EEMO3XbQ/DquZjJUp/BibHdxawa+SGtYk3D9fJM=
github.com/golang/protobuf v1.1.0 h1:0iH4Ffd/meGoXqF2lSAhZHt8X+cPgkfn/cb6Cce5Vpc=
github.com/golang/protobuf v1.1.0/go.mod h1:6lQm79b+lXiMfvg/cZm0SGofjICqVBUtrP5yJMmIC1U=
github.com/googleapis/gax-go v2.0.0+incompatible h1:j0GKcs05QVmm7yesiZq2+9cxHkNK9YM6zKx4D2qucQU=
github.com/googleapis/gax-go v2.0.0+incompatible/go.mod h1:SFVmujtThgffbyetf+mdk2eWhX2bMyUtNHzFKcPA9HY=
go.opencensus.io v0.14.0 h1:1eTLxqxSIAylcKoxnNkdhvvBNZDA8JwkKNXxgyma0IA=
go.opencensus.io v0.14.0/go.mod h1:UffZAU+4sDEINUGP/B7UfBBkq4fqLu9zXAX7ke6CHW0=
golang.org/x/net v0.0.0-20180719180050-a680a1efc54d h1:i6RB+Qz1ug7TvJdY4zieRMpnLAtkHSHTOvApNXfLT4A=
golang.org/x/net v0.0.0-20180719180050-a680a1efc54d/go.mod h1:mL1N/T3taQHkDXs73rZJwtUhF3w3ftmwwsq0BUmARs4=
golang.org/x/oauth2 v0.0.0-20180620175406-ef147856a6dd h1:QQhib242ErYDSMitlBm8V7wYCm/1a25hV8qMadIKLPA=
golang.org/x/oauth2 v0.0.0-20180620175406-ef147856a6dd/go.mod h1:N/0e6XlmueqKjAGxoOufVs8QHGRruUQn6yWY3a++T0U=
golang.org/x/text v0.3.0 h1:g61tztE5qeGQ89tm6NTjjM9VPIm088od1l6aSorWRWg=
golang.org/x/text v0.3.0/go.mod h1:NqM8EUOU14njkJ3fqMW+pc6Ldnwhi/IjpwHt7yyuwOQ=
google.golang.org/api v0.0.0-20180718221112-efcb5f25ac56 h1:iDRbkenn0VZEo05mHiCtN6/EfbZj7x1Rg+tPjB5HiQc=
google.golang.org/api v0.0.0-20180718221112-efcb5f25ac56/go.mod h1:4mhQ8q/RsB7i+udVvVy5NUi08OU8ZlA0gRVgrF7VFY0=
google.golang.org/genproto v0.0.0-20180718234121-fedd2861243f h1:f+hrkCD3gqmC3HtyrSZOJvIxz5po9e07AleRRsiZfLg=
google.golang.org/genproto v0.0.0-20180718234121-fedd2861243f/go.mod h1:JiN7NxoALGmiZfu7CAH4rXhgtRTLTxftemlI0sWmxmc=
google.golang.org/grpc v1.13.0 h1:bHIbVsCwmvbArgCJmLdgOdHFXlKqTOVjbibbS19cXHc=
google.golang.org/grpc v1.13.0/go.mod h1:yo6s7OP7yaDglbqo1J04qKzAhqBH6lvTonzMVmEdcZw=
