cloud.google.com/go v0.25.0 h1:6vD6xZTc8Jo6To8gHxFDRVsMvWFDgY3rugNszcDalN8=
cloud.google.com/go v0.25.0/go.mod h1:aQUYkXzVsufM+DwF1aE+0xfcU+56JwCaLick0ClmMTw=
github.com/fishy/errbatch v0.0.0-20180528213649-54f5e12eed54 h1:CuowD13UFkVyT8qQ7WSANugSAuu9b2TEdiTcvhV8poc=
github.com/fishy/errbatch v0.0.0-20180528213649-54f5e12eed54/go.mod h1:jT6yKE1tSjlA9VLZNiZ630ul9Z3ZuUzXEAIJiNlQqjY=
github.com/fishy/fsdb v0.0.0-20180728220904-42788af33c20 h1:9orYW8XBpLnLzpm2ZpJUFkffybrL58vKAlGvLWRioH4=
github.com/fishy/fsdb v0.0.0-20180728220904-42788af33c20/go.mod h1:0ZSnLTd+geC+Fjh6FRtN7RhdMD3nc847T+8Q/8YdENc=
github.com/fishy/rowlock v0.0.0-20180528220015-119f0ff86f20/go.mod h1:LvlszqohGzHS3HOL120Q0U9ZVl76bIIQBLcEN8YpKjE=
github.com/fishy/wrapreader v0.0.0-20180728215622-1cf2fb33e2fc h1:vHg5GwMnqeXe2ptlODsuYRuIhJXqmJX+0auEGmlWCx8=
github.com/fishy/wrapreader v0.0.0-20180728215622-1cf2fb33e2fc/go.mod h1:p2l1EEMO3XbQ/DquZjJUp/BibHdxawa+SGtYk3D9fJM=
github.com/golang/protobuf v1.1.0 h1:0iH4Ffd/meGoXqF2lSAhZHt8X+cPgkfn/cb6Cce5Vpc=
github.com/golang/protobuf v1.1.0/go.mod h1:6lQm79b+lXiMfvg/cZm0SGofjICqVBUtrP5yJMmIC1U=
github.com/googleapis/gax-go v2.0.0+incompatible h1:j0GKcs05QVmm7yesiZq2+9cxHkNK9YM6zKx4D2qucQU=
github.com/googleapis/gax-go v2.0.0+incompatible/go.mod h1:SFVmujtThgffbyetf+mdk2eWhX2bMyUtNHzFKcPA9HY=
go.opencensus.io v0.14.0 h1:1eTLxqxSIAylcKoxnNkdhvvBNZDA8JwkKNXxgyma0IA=
go.opencensus.io v0.14.0/go.mod h1:UffZAU+4sDEINUGP/B7UfBBkq4fqLu9zXAX7ke6CHW0=
golang.org/x/net v0.0.0-20180724234803-3673e40ba225 h1:kNX+jCowfMYzvlSvJu5pQWEmyWFrBXJ3PBy10xKMXK8=
golang.org/x/net v0.0.0-20180724234803-3673e40ba225/go.mod h1:mL1N/T3taQHkDXs73rZJwtUhF3w3ftmwwsq0BUmARs4=
golang.org/x/oauth2 v0.0.0-20180724155351-3d292e4d0cdc h1:3ElrZeO6IBP+M8kgu5YFwRo92Gqr+zBg3aooYQ6ziqU=
golang.org/x/oauth2 v0.0.0-20180724155351-3d292e4d0cdc/go.mod h1:N/0e6XlmueqKjAGxoOufVs8QHGRruUQn6yWY3a++T0U=
golang.org/x/text v0.3.0 h1:g61tztE5qeGQ89tm6NTjjM9VPIm088od1l6aSorWRWg=
golang.org/x/text v0.3.0/go.mod h1:NqM8EUOU14njkJ3fqMW+pc6Ldnwhi/IjpwHt7yyuwOQ=
google.golang.org/api v0.0.0-20180726000515-082d5fa4f1f0 h1:OmM0bttajPso7QSpoTvutTfQO1SIcsypa1nBo/rQaZI=
google.golang.org/api v0.0.0-20180726000515-082d5fa4f1f0/go.mod h1:4mhQ8q/RsB7i+udVvVy5NUi08OU8ZlA0gRVgrF7VFY0=
google.golang.org/genproto v0.0.0-20180726180014-2a72893556e4 h1:DRUG3c+vvZMVFUXJhZl5R7mbr3axFwRkktgmtPlKcmE=
google.golang.org/genproto v0.0.0-20180726180014-2a72893556e4/go.mod h1:JiN7NxoALGmiZfu7CAH4rXhgtRTLTxftemlI0sWmxmc=
google.golang.org/grpc v1.13.0 h1:bHIbVsCwmvbArgCJmLdgOdHFXlKqTOVjbibbS19cXHc=
google.golang.org/grpc v1.13.0/go.mod h1:yo6s7OP7yaDglbqo1J04qKzAhqBH6lvTonzMVmEdcZw=
